
Microsoft Visual Studio Solution File, Format Version 12.00
# Visual Studio 15
VisualStudioVersion = 15.0.26823.1
MinimumVisualStudioVersion = 10.0.40219.1
Project("{FAE04EC0-301F-11D3-BF4B-00C04F79EFBC}") = "Cookie", "Cookie\Cookie.csproj", "{C10BA920-E521-4D99-9913-2885152A96DA}"
EndProject
Project("{FAE04EC0-301F-11D3-BF4B-00C04F79EFBC}") = "Cookie.API", "Cookie.API\Cookie.API.csproj", "{4CEDB9AD-1A1E-42AB-9E1D-830D760812B4}"
EndProject
Project("{F184B08F-C81C-45F6-A57F-5ABD9991F28F}") = "Cookie.Design", "Cookie.Design\Cookie.Design.vbproj", "{CBF6F19E-F400-4CF4-ADC4-035B2737D3EC}"
EndProject
Project("{FAE04EC0-301F-11D3-BF4B-00C04F79EFBC}") = "Cookie.ProtocolBuilder", "Cookie.ProtocolBuilder\Cookie.ProtocolBuilder.csproj", "{179D80AF-53DB-48CC-8209-4BC954B103BC}"
EndProject
Global
	GlobalSection(SolutionConfigurationPlatforms) = preSolution
		Debug|Any CPU = Debug|Any CPU
		Release|Any CPU = Release|Any CPU
	EndGlobalSection
	GlobalSection(ProjectConfigurationPlatforms) = postSolution
		{C10BA920-E521-4D99-9913-2885152A96DA}.Debug|Any CPU.ActiveCfg = Debug|Any CPU
		{C10BA920-E521-4D99-9913-2885152A96DA}.Debug|Any CPU.Build.0 = Debug|Any CPU
		{C10BA920-E521-4D99-9913-2885152A96DA}.Release|Any CPU.ActiveCfg = Release|Any CPU
		{C10BA920-E521-4D99-9913-2885152A96DA}.Release|Any CPU.Build.0 = Release|Any CPU
		{4CEDB9AD-1A1E-42AB-9E1D-830D760812B4}.Debug|Any CPU.ActiveCfg = Debug|Any CPU
		{4CEDB9AD-1A1E-42AB-9E1D-830D760812B4}.Debug|Any CPU.Build.0 = Debug|Any CPU
		{4CEDB9AD-1A1E-42AB-9E1D-830D760812B4}.Release|Any CPU.ActiveCfg = Release|Any CPU
		{4CEDB9AD-1A1E-42AB-9E1D-830D760812B4}.Release|Any CPU.Build.0 = Release|Any CPU
		{CBF6F19E-F400-4CF4-ADC4-035B2737D3EC}.Debug|Any CPU.ActiveCfg = Debug|Any CPU
		{CBF6F19E-F400-4CF4-ADC4-035B2737D3EC}.Debug|Any CPU.Build.0 = Debug|Any CPU
		{CBF6F19E-F400-4CF4-ADC4-035B2737D3EC}.Release|Any CPU.ActiveCfg = Release|Any CPU
		{CBF6F19E-F400-4CF4-ADC4-035B2737D3EC}.Release|Any CPU.Build.0 = Release|Any CPU
		{179D80AF-53DB-48CC-8209-4BC954B103BC}.Debug|Any CPU.ActiveCfg = Debug|Any CPU
		{179D80AF-53DB-48CC-8209-4BC954B103BC}.Debug|Any CPU.Build.0 = Debug|Any CPU
		{179D80AF-53DB-48CC-8209-4BC954B103BC}.Release|Any CPU.ActiveCfg = Release|Any CPU
		{179D80AF-53DB-48CC-8209-4BC954B103BC}.Release|Any CPU.Build.0 = Release|Any CPU
	EndGlobalSection
	GlobalSection(SolutionProperties) = preSolution
		HideSolutionNode = FALSE
	EndGlobalSection
	GlobalSection(ExtensibilityGlobals) = postSolution
		SolutionGuid = {4652CFC0-189A-4F84-A1DE-9A72B0AA1FA1}
	EndGlobalSection
EndGlobal
